
Microsoft Visual Studio Solution File, Format Version 12.00
# Visual Studio Version 17
VisualStudioVersion = 17.5.33530.505
MinimumVisualStudioVersion = 10.0.40219.1
Project("{9A19103F-16F7-4668-BE54-9A1E7A4F7556}") = "CompanyEmployees", "CompanyEmployees\CompanyEmployees.csproj", "{2D06C256-696E-4BFA-A2A7-2A582B01FD44}"
EndProject
Project("{9A19103F-16F7-4668-BE54-9A1E7A4F7556}") = "Contracts", "Contracts\Contracts.csproj", "{1D7ECF51-48D3-4E6B-B4B1-70A54D78BA39}"
EndProject
Project("{9A19103F-16F7-4668-BE54-9A1E7A4F7556}") = "LoggerService", "LoggerService\LoggerService.csproj", "{A8374E36-A129-4B74-A39F-ABCB9127F7BD}"
EndProject
Project("{9A19103F-16F7-4668-BE54-9A1E7A4F7556}") = "Entities", "Entities\Entities.csproj", "{16184C1F-5935-4ADE-B111-B84972C0D1AB}"
EndProject
Project("{9A19103F-16F7-4668-BE54-9A1E7A4F7556}") = "Repository", "Repository\Repository.csproj", "{F322DC5B-9D30-4E38-931A-CCDC3F1EFFD1}"
EndProject
Project("{9A19103F-16F7-4668-BE54-9A1E7A4F7556}") = "Service.Contracts", "Service.Contracts\Service.Contracts.csproj", "{2507F220-16A7-44F2-882F-B2CD0E49C966}"
EndProject
Project("{9A19103F-16F7-4668-BE54-9A1E7A4F7556}") = "Service", "Service\Service.csproj", "{B6CD2998-66A4-4EF3-8F62-3ADA11691084}"
EndProject
Project("{FAE04EC0-301F-11D3-BF4B-00C04F79EFBC}") = "CompanyEmployees.Presentation", "CompanyEmployees.Presentation\CompanyEmployees.Presentation.csproj", "{4A580D64-77FA-48F8-A134-CFD8A699A72F}"
EndProject
Global
	GlobalSection(SolutionConfigurationPlatforms) = preSolution
		Debug|Any CPU = Debug|Any CPU
		Release|Any CPU = Release|Any CPU
	EndGlobalSection
	GlobalSection(ProjectConfigurationPlatforms) = postSolution
		{2D06C256-696E-4BFA-A2A7-2A582B01FD44}.Debug|Any CPU.ActiveCfg = Debug|Any CPU
		{2D06C256-696E-4BFA-A2A7-2A582B01FD44}.Debug|Any CPU.Build.0 = Debug|Any CPU
		{2D06C256-696E-4BFA-A2A7-2A582B01FD44}.Release|Any CPU.ActiveCfg = Release|Any CPU
		{2D06C256-696E-4BFA-A2A7-2A582B01FD44}.Release|Any CPU.Build.0 = Release|Any CPU
		{1D7ECF51-48D3-4E6B-B4B1-70A54D78BA39}.Debug|Any CPU.ActiveCfg = Debug|Any CPU
		{1D7ECF51-48D3-4E6B-B4B1-70A54D78BA39}.Debug|Any CPU.Build.0 = Debug|Any CPU
		{1D7ECF51-48D3-4E6B-B4B1-70A54D78BA39}.Release|Any CPU.ActiveCfg = Release|Any CPU
		{1D7ECF51-48D3-4E6B-B4B1-70A54D78BA39}.Release|Any CPU.Build.0 = Release|Any CPU
		{A8374E36-A129-4B74-A39F-ABCB9127F7BD}.Debug|Any CPU.ActiveCfg = Debug|Any CPU
		{A8374E36-A129-4B74-A39F-ABCB9127F7BD}.Debug|Any CPU.Build.0 = Debug|Any CPU
		{A8374E36-A129-4B74-A39F-ABCB9127F7BD}.Release|Any CPU.ActiveCfg = Release|Any CPU
		{A8374E36-A129-4B74-A39F-ABCB9127F7BD}.Release|Any CPU.Build.0 = Release|Any CPU
		{16184C1F-5935-4ADE-B111-B84972C0D1AB}.Debug|Any CPU.ActiveCfg = Debug|Any CPU
		{16184C1F-5935-4ADE-B111-B84972C0D1AB}.Debug|Any CPU.Build.0 = Debug|Any CPU
		{16184C1F-5935-4ADE-B111-B84972C0D1AB}.Release|Any CPU.ActiveCfg = Release|Any CPU
		{16184C1F-5935-4ADE-B111-B84972C0D1AB}.Release|Any CPU.Build.0 = Release|Any CPU
		{F322DC5B-9D30-4E38-931A-CCDC3F1EFFD1}.Debug|Any CPU.ActiveCfg = Debug|Any CPU
		{F322DC5B-9D30-4E38-931A-CCDC3F1EFFD1}.Debug|Any CPU.Build.0 = Debug|Any CPU
		{F322DC5B-9D30-4E38-931A-CCDC3F1EFFD1}.Release|Any CPU.ActiveCfg = Release|Any CPU
		{F322DC5B-9D30-4E38-931A-CCDC3F1EFFD1}.Release|Any CPU.Build.0 = Release|Any CPU
		{2507F220-16A7-44F2-882F-B2CD0E49C966}.Debug|Any CPU.ActiveCfg = Debug|Any CPU
		{2507F220-16A7-44F2-882F-B2CD0E49C966}.Debug|Any CPU.Build.0 = Debug|Any CPU
		{2507F220-16A7-44F2-882F-B2CD0E49C966}.Release|Any CPU.ActiveCfg = Release|Any CPU
		{2507F220-16A7-44F2-882F-B2CD0E49C966}.Release|Any CPU.Build.0 = Release|Any CPU
		{B6CD2998-66A4-4EF3-8F62-3ADA11691084}.Debug|Any CPU.ActiveCfg = Debug|Any CPU
		{B6CD2998-66A4-4EF3-8F62-3ADA11691084}.Debug|Any CPU.Build.0 = Debug|Any CPU
		{B6CD2998-66A4-4EF3-8F62-3ADA11691084}.Release|Any CPU.ActiveCfg = Release|Any CPU
		{B6CD2998-66A4-4EF3-8F62-3ADA11691084}.Release|Any CPU.Build.0 = Release|Any CPU
		{4A580D64-77FA-48F8-A134-CFD8A699A72F}.Debug|Any CPU.ActiveCfg = Debug|Any CPU
		{4A580D64-77FA-48F8-A134-CFD8A699A72F}.Debug|Any CPU.Build.0 = Debug|Any CPU
		{4A580D64-77FA-48F8-A134-CFD8A699A72F}.Release|Any CPU.ActiveCfg = Release|Any CPU
		{4A580D64-77FA-48F8-A134-CFD8A699A72F}.Release|Any CPU.Build.0 = Release|Any CPU
	EndGlobalSection
	GlobalSection(SolutionProperties) = preSolution
		HideSolutionNode = FALSE
	EndGlobalSection
	GlobalSection(ExtensibilityGlobals) = postSolution
		SolutionGuid = {399A4542-CFD1-4A25-B946-74863A3DD55D}
	EndGlobalSection
EndGlobal
